{
  "requires": true,
  "lockfileVersion": 1,
  "dependencies": {
    "cookie": {
      "version": "0.4.1",
      "resolved": "https://registry.npmjs.org/cookie/-/cookie-0.4.1.tgz",
      "integrity": "sha512-ZwrFkGJxUR3EIoXtO+yVE69Eb7KlixbaeAWfBQB9vVsNn/o+Yw69gBWSSDK825hQNdN+wF8zELf3dFNl/kxkUA=="
    },
    "debug": {
      "version": "2.6.9",
      "resolved": "https://registry.npmjs.org/debug/-/debug-2.6.9.tgz",
      "integrity": "sha512-bC7ElrdJaJnPbAP+1EotYvqZsb3ecl5wi6Bfi6BJTUcNowp6cvspg0jXznRTKDjm/E7AdgFBVeAPVMNcKGsHMA==",
      "requires": {
        "ms": "2.0.0"
      }
    },
    "mime": {
      "version": "2.4.6",
      "resolved": "https://registry.npmjs.org/mime/-/mime-2.4.6.tgz",
      "integrity": "sha512-RZKhC3EmpBchfTGBVb8fb+RL2cWyw/32lshnsETttkBAyAUXSGHxbEJWWRXc751DrIxG1q04b8QwMbAwkRPpUA=="
    },
    "ms": {
      "version": "2.0.0",
      "resolved": "https://registry.npmjs.org/ms/-/ms-2.0.0.tgz",
      "integrity": "sha1-VgiurfwAvmwpAd9fmGF4jeDVl8g="
    },
    "nime": {
      "version": "0.5.0",
      "resolved": "https://registry.npmjs.org/nime/-/nime-0.5.0.tgz",
      "integrity": "sha1-ctbYgPMz5s/uruYfvODkCJ2UslE=",
      "requires": {
        "debug": "^2.2.0",
        "stdio": "^0.2.7"
      }
    },
    "stdio": {
      "version": "0.2.7",
      "resolved": "https://registry.npmjs.org/stdio/-/stdio-0.2.7.tgz",
      "integrity": "sha1-ocV9oQ/hz6oMO/aDydB0PRtmCDk="
    }
  }
}
